
Microsoft Visual Studio Solution File, Format Version 12.00
# Visual Studio 15
VisualStudioVersion = 15.0.28307.271
MinimumVisualStudioVersion = 10.0.40219.1
Project("{FAE04EC0-301F-11D3-BF4B-00C04F79EFBC}") = "Brainzzler", "Brainzzler\Brainzzler.csproj", "{56EE6F55-E3CC-4E57-946A-E63E4DC9AAE4}"
EndProject
Global
	GlobalSection(SolutionConfigurationPlatforms) = preSolution
		Debug|Any CPU = Debug|Any CPU
		Release|Any CPU = Release|Any CPU
	EndGlobalSection
	GlobalSection(ProjectConfigurationPlatforms) = postSolution
		{56EE6F55-E3CC-4E57-946A-E63E4DC9AAE4}.Debug|Any CPU.ActiveCfg = Debug|Any CPU
		{56EE6F55-E3CC-4E57-946A-E63E4DC9AAE4}.Debug|Any CPU.Build.0 = Debug|Any CPU
		{56EE6F55-E3CC-4E57-946A-E63E4DC9AAE4}.Release|Any CPU.ActiveCfg = Release|Any CPU
		{56EE6F55-E3CC-4E57-946A-E63E4DC9AAE4}.Release|Any CPU.Build.0 = Release|Any CPU
	EndGlobalSection
	GlobalSection(SolutionProperties) = preSolution
		HideSolutionNode = FALSE
	EndGlobalSection
	GlobalSection(ExtensibilityGlobals) = postSolution
		SolutionGuid = {1E8A90B4-68C8-4A83-8992-B712EA8F7F70}
	EndGlobalSection
EndGlobal
